Microsoft Visual Studio Solution File, Format Version 11.00
# Visual Studio 2008

Project("{3421AF6C-5FD9-5ADE-923C-A8D19309EE50}") = "roadrumble", "Assembly-CSharp-firstpass-vs.csproj", "{BEEC1F0E-8E4D-4D61-2463-8260697F8DDE}"
EndProject
Project("{3421AF6C-5FD9-5ADE-923C-A8D19309EE50}") = "roadrumble", "Assembly-CSharp-vs.csproj", "{B7EFE40E-DBF9-8196-459F-DAF4A59BFCB2}"
EndProject
Project("{3421AF6C-5FD9-5ADE-923C-A8D19309EE50}") = "roadrumble", "Assembly-CSharp-Editor-vs.csproj", "{D2102D45-A26A-8D90-1D8C-01935718EE54}"
EndProject
Global
	GlobalSection(SolutionConfigurationPlatforms) = preSolution
		Debug|Any CPU = Debug|Any CPU
		Release|Any CPU = Release|Any CPU
	EndGlobalSection
	GlobalSection(ProjectConfigurationPlatforms) = postSolution
		{BEEC1F0E-8E4D-4D61-2463-8260697F8DDE}.Debug|Any CPU.ActiveCfg = Debug|Any CPU
		{BEEC1F0E-8E4D-4D61-2463-8260697F8DDE}.Debug|Any CPU.Build.0 = Debug|Any CPU
		{BEEC1F0E-8E4D-4D61-2463-8260697F8DDE}.Release|Any CPU.ActiveCfg = Release|Any CPU
		{BEEC1F0E-8E4D-4D61-2463-8260697F8DDE}.Release|Any CPU.Build.0 = Release|Any CPU
		{B7EFE40E-DBF9-8196-459F-DAF4A59BFCB2}.Debug|Any CPU.ActiveCfg = Debug|Any CPU
		{B7EFE40E-DBF9-8196-459F-DAF4A59BFCB2}.Debug|Any CPU.Build.0 = Debug|Any CPU
		{B7EFE40E-DBF9-8196-459F-DAF4A59BFCB2}.Release|Any CPU.ActiveCfg = Release|Any CPU
		{B7EFE40E-DBF9-8196-459F-DAF4A59BFCB2}.Release|Any CPU.Build.0 = Release|Any CPU
		{D2102D45-A26A-8D90-1D8C-01935718EE54}.Debug|Any CPU.ActiveCfg = Debug|Any CPU
		{D2102D45-A26A-8D90-1D8C-01935718EE54}.Debug|Any CPU.Build.0 = Debug|Any CPU
		{D2102D45-A26A-8D90-1D8C-01935718EE54}.Release|Any CPU.ActiveCfg = Release|Any CPU
		{D2102D45-A26A-8D90-1D8C-01935718EE54}.Release|Any CPU.Build.0 = Release|Any CPU
	EndGlobalSection
	GlobalSection(SolutionProperties) = preSolution
		HideSolutionNode = FALSE
	EndGlobalSection
										GlobalSection(MonoDevelopProperties) = preSolution
		StartupItem = Assembly-CSharp.csproj
		Policies = $0
		$0.TextStylePolicy = $1
		$1.inheritsSet = null
		$1.scope = text/x-csharp
		$0.CSharpFormattingPolicy = $2
		$2.inheritsSet = Mono
		$2.inheritsScope = text/x-csharp
		$2.scope = text/x-csharp
		$0.TextStylePolicy = $3
		$3.FileWidth = 120
		$3.TabWidth = 4
		$3.EolMarker = Unix
		$3.inheritsSet = Mono
		$3.inheritsScope = text/plain
		$3.scope = text/plain
	EndGlobalSection

EndGlobal
